// !$*UTF8*$!
{
	archiveVersion = 1;
	classes = {
	};
	objectVersion = 50;
	objects = {

/* Begin PBXBuildFile section */
		97568DED209309E700DF7B47 /* AppDelegate.swift in Sources */ = {isa = PBXBuildFile; fileRef = 97568DEC209309E700DF7B47 /* AppDelegate.swift */; };
		97568DEF209309E700DF7B47 /* ViewController.swift in Sources */ = {isa = PBXBuildFile; fileRef = 97568DEE209309E700DF7B47 /* ViewController.swift */; };
		97568DF2209309E700DF7B47 /* Main.storyboard in Resources */ = {isa = PBXBuildFile; fileRef = 97568DF0209309E700DF7B47 /* Main.storyboard */; };
		97568DF4209309E800DF7B47 /* Assets.xcassets in Resources */ = {isa = PBXBuildFile; fileRef = 97568DF3209309E800DF7B47 /* Assets.xcassets */; };
		97568DF7209309E800DF7B47 /* LaunchScreen.storyboard in Resources */ = {isa = PBXBuildFile; fileRef = 97568DF5209309E800DF7B47 /* LaunchScreen.storyboard */; };
		97568E02209309E800DF7B47 /* Mapotempo_FleetTests.swift in Sources */ = {isa = PBXBuildFile; fileRef = 97568E01209309E800DF7B47 /* Mapotempo_FleetTests.swift */; };
/* End PBXBuildFile section */

/* Begin PBXContainerItemProxy section */
		97568DFE209309E800DF7B47 /* PBXContainerItemProxy */ = {
			isa = PBXContainerItemProxy;
			containerPortal = 97568DE1209309E700DF7B47 /* Project object */;
			proxyType = 1;
			remoteGlobalIDString = 97568DE8209309E700DF7B47;
			remoteInfo = "Mapotempo-Fleet";
		};
/* End PBXContainerItemProxy section */

/* Begin PBXFileReference section */
		97568DE9209309E700DF7B47 /* Mapotempo-Fleet.app */ = {isa = PBXFileReference; explicitFileType = wrapper.application; includeInIndex = 0; path = "Mapotempo-Fleet.app"; sourceTree = BUILT_PRODUCTS_DIR; };
		97568DEC209309E700DF7B47 /* AppDelegate.swift */ = {isa = PBXFileReference; lastKnownFileType = sourcecode.swift; path = AppDelegate.swift; sourceTree = "<group>"; };
		97568DEE209309E700DF7B47 /* ViewController.swift */ = {isa = PBXFileReference; lastKnownFileType = sourcecode.swift; path = ViewController.swift; sourceTree = "<group>"; };
		97568DF1209309E700DF7B47 /* Base */ = {isa = PBXFileReference; lastKnownFileType = file.storyboard; name = Base; path = Base.lproj/Main.storyboard; sourceTree = "<group>"; };
		97568DF3209309E800DF7B47 /* Assets.xcassets */ = {isa = PBXFileReference; lastKnownFileType = folder.assetcatalog; path = Assets.xcassets; sourceTree = "<group>"; };
		97568DF6209309E800DF7B47 /* Base */ = {isa = PBXFileReference; lastKnownFileType = file.storyboard; name = Base; path = Base.lproj/LaunchScreen.storyboard; sourceTree = "<group>"; };
		97568DF8209309E800DF7B47 /* Info.plist */ = {isa = PBXFileReference; lastKnownFileType = text.plist.xml; path = Info.plist; sourceTree = "<group>"; };
		97568DFD209309E800DF7B47 /* Mapotempo-FleetTests.xctest */ = {isa = PBXFileReference; explicitFileType = wrapper.cfbundle; includeInIndex = 0; path = "Mapotempo-FleetTests.xctest"; sourceTree = BUILT_PRODUCTS_DIR; };
		97568E01209309E800DF7B47 /* Mapotempo_FleetTests.swift */ = {isa = PBXFileReference; lastKnownFileType = sourcecode.swift; path = Mapotempo_FleetTests.swift; sourceTree = "<group>"; };
		97568E03209309E800DF7B47 /* Info.plist */ = {isa = PBXFileReference; lastKnownFileType = text.plist.xml; path = Info.plist; sourceTree = "<group>"; };
/* End PBXFileReference section */

/* Begin PBXFrameworksBuildPhase section */
		97568DE6209309E700DF7B47 /* Frameworks */ = {
			isa = PBXFrameworksBuildPhase;
			buildActionMask = 2147483647;
			files = (
			);
			runOnlyForDeploymentPostprocessing = 0;
		};
		97568DFA209309E800DF7B47 /* Frameworks */ = {
			isa = PBXFrameworksBuildPhase;
			buildActionMask = 2147483647;
			files = (
			);
			runOnlyForDeploymentPostprocessing = 0;
		};
/* End PBXFrameworksBuildPhase section */

/* Begin PBXGroup section */
		97568DE0209309E700DF7B47 = {
			isa = PBXGroup;
			children = (
				97568DEB209309E700DF7B47 /* Mapotempo-Fleet */,
				97568E00209309E800DF7B47 /* Mapotempo-FleetTests */,
				97568DEA209309E700DF7B47 /* Products */,
			);
			sourceTree = "<group>";
		};
		97568DEA209309E700DF7B47 /* Products */ = {
			isa = PBXGroup;
			children = (
				97568DE9209309E700DF7B47 /* Mapotempo-Fleet.app */,
				97568DFD209309E800DF7B47 /* Mapotempo-FleetTests.xctest */,
			);
			name = Products;
			sourceTree = "<group>";
		};
		97568DEB209309E700DF7B47 /* Mapotempo-Fleet */ = {
			isa = PBXGroup;
			children = (
				97568DEC209309E700DF7B47 /* AppDelegate.swift */,
				97568DEE209309E700DF7B47 /* ViewController.swift */,
				97568DF0209309E700DF7B47 /* Main.storyboard */,
				97568DF3209309E800DF7B47 /* Assets.xcassets */,
				97568DF5209309E800DF7B47 /* LaunchScreen.storyboard */,
				97568DF8209309E800DF7B47 /* Info.plist */,
			);
			path = "Mapotempo-Fleet";
			sourceTree = "<group>";
		};
		97568E00209309E800DF7B47 /* Mapotempo-FleetTests */ = {
			isa = PBXGroup;
			children = (
				97568E01209309E800DF7B47 /* Mapotempo_FleetTests.swift */,
				97568E03209309E800DF7B47 /* Info.plist */,
			);
			path = "Mapotempo-FleetTests";
			sourceTree = "<group>";
		};
/* End PBXGroup section */

/* Begin PBXNativeTarget section */
		97568DE8209309E700DF7B47 /* Mapotempo-Fleet */ = {
			isa = PBXNativeTarget;
			buildConfigurationList = 97568E06209309E800DF7B47 /* Build configuration list for PBXNativeTarget "Mapotempo-Fleet" */;
			buildPhases = (
				97568DE5209309E700DF7B47 /* Sources */,
				97568DE6209309E700DF7B47 /* Frameworks */,
				97568DE7209309E700DF7B47 /* Resources */,
			);
			buildRules = (
			);
			dependencies = (
			);
			name = "Mapotempo-Fleet";
			productName = "Mapotempo-Fleet";
			productReference = 97568DE9209309E700DF7B47 /* Mapotempo-Fleet.app */;
			productType = "com.apple.product-type.application";
		};
		97568DFC209309E800DF7B47 /* Mapotempo-FleetTests */ = {
			isa = PBXNativeTarget;
			buildConfigurationList = 97568E09209309E800DF7B47 /* Build configuration list for PBXNativeTarget "Mapotempo-FleetTests" */;
			buildPhases = (
				97568DF9209309E800DF7B47 /* Sources */,
				97568DFA209309E800DF7B47 /* Frameworks */,
				97568DFB209309E800DF7B47 /* Resources */,
			);
			buildRules = (
			);
			dependencies = (
				97568DFF209309E800DF7B47 /* PBXTargetDependency */,
			);
			name = "Mapotempo-FleetTests";
			productName = "Mapotempo-FleetTests";
			productReference = 97568DFD209309E800DF7B47 /* Mapotempo-FleetTests.xctest */;
			productType = "com.apple.product-type.bundle.unit-test";
		};
/* End PBXNativeTarget section */

/* Begin PBXProject section */
		97568DE1209309E700DF7B47 /* Project object */ = {
			isa = PBXProject;
			attributes = {
				LastSwiftUpdateCheck = 0930;
				LastUpgradeCheck = 0930;
				ORGANIZATIONNAME = "julien boyer";
				TargetAttributes = {
					97568DE8209309E700DF7B47 = {
						CreatedOnToolsVersion = 9.3;
					};
					97568DFC209309E800DF7B47 = {
						CreatedOnToolsVersion = 9.3;
						TestTargetID = 97568DE8209309E700DF7B47;
					};
				};
			};
			buildConfigurationList = 97568DE4209309E700DF7B47 /* Build configuration list for PBXProject "Mapotempo-Fleet" */;
			compatibilityVersion = "Xcode 9.3";
			developmentRegion = en;
			hasScannedForEncodings = 0;
			knownRegions = (
				en,
				Base,
			);
			mainGroup = 97568DE0209309E700DF7B47;
			productRefGroup = 97568DEA209309E700DF7B47 /* Products */;
			projectDirPath = "";
			projectRoot = "";
			targets = (
				97568DE8209309E700DF7B47 /* Mapotempo-Fleet */,
				97568DFC209309E800DF7B47 /* Mapotempo-FleetTests */,
			);
		};
/* End PBXProject section */

/* Begin PBXResourcesBuildPhase section */
		97568DE7209309E700DF7B47 /* Resources */ = {
			isa = PBXResourcesBuildPhase;
			buildActionMask = 2147483647;
			files = (
				97568DF7209309E800DF7B47 /* LaunchScreen.storyboard in Resources */,
				97568DF4209309E800DF7B47 /* Assets.xcassets in Resources */,
				97568DF2209309E700DF7B47 /* Main.storyboard in Resources */,
			);
			runOnlyForDeploymentPostprocessing = 0;
		};
		97568DFB209309E800DF7B47 /* Resources */ = {
			isa = PBXResourcesBuildPhase;
			buildActionMask = 2147483647;
			files = (
			);
			runOnlyForDeploymentPostprocessing = 0;
		};
/* End PBXResourcesBuildPhase section */

/* Begin PBXSourcesBuildPhase section */
		97568DE5209309E700DF7B47 /* Sources */ = {
			isa = PBXSourcesBuildPhase;
			buildActionMask = 2147483647;
			files = (
				97568DEF209309E700DF7B47 /* ViewController.swift in Sources */,
				97568DED209309E700DF7B47 /* AppDelegate.swift in Sources */,
			);
			runOnlyForDeploymentPostprocessing = 0;
		};
		97568DF9209309E800DF7B47 /* Sources */ = {
			isa = PBXSourcesBuildPhase;
			buildActionMask = 2147483647;
			files = (
				97568E02209309E800DF7B47 /* Mapotempo_FleetTests.swift in Sources */,
			);
			runOnlyForDeploymentPostprocessing = 0;
		};
/* End PBXSourcesBuildPhase section */

/* Begin PBXTargetDependency section */
		97568DFF209309E800DF7B47 /* PBXTargetDependency */ = {
			isa = PBXTargetDependency;
			target = 97568DE8209309E700DF7B47 /* Mapotempo-Fleet */;
			targetProxy = 97568DFE209309E800DF7B47 /* PBXContainerItemProxy */;
		};
/* End PBXTargetDependency section */

/* Begin PBXVariantGroup section */
		97568DF0209309E700DF7B47 /* Main.storyboard */ = {
			isa = PBXVariantGroup;
			children = (
				97568DF1209309E700DF7B47 /* Base */,
			);
			name = Main.storyboard;
			sourceTree = "<group>";
		};
		97568DF5209309E800DF7B47 /* LaunchScreen.storyboard */ = {
			isa = PBXVariantGroup;
			children = (
				97568DF6209309E800DF7B47 /* Base */,
			);
			name = LaunchScreen.storyboard;
			sourceTree = "<group>";
		};
/* End PBXVariantGroup section */

/* Begin XCBuildConfiguration section */
		97568E04209309E800DF7B47 /* Debug */ = {
			isa = XCBuildConfiguration;
			buildSettings = {
				ALWAYS_SEARCH_USER_PATHS = NO;
				CLANG_ANALYZER_NONNULL = YES;
				CLANG_ANALYZER_NUMBER_OBJECT_CONVERSION = YES_AGGRESSIVE;
				CLANG_CXX_LANGUAGE_STANDARD = "gnu++14";
				CLANG_CXX_LIBRARY = "libc++";
				CLANG_ENABLE_MODULES = YES;
				CLANG_ENABLE_OBJC_ARC = YES;
				CLANG_ENABLE_OBJC_WEAK = YES;
				CLANG_WARN_BLOCK_CAPTURE_AUTORELEASING = YES;
				CLANG_WARN_BOOL_CONVERSION = YES;
				CLANG_WARN_COMMA = YES;
				CLANG_WARN_CONSTANT_CONVERSION = YES;
				CLANG_WARN_DEPRECATED_OBJC_IMPLEMENTATIONS = YES;
				CLANG_WARN_DIRECT_OBJC_ISA_USAGE = YES_ERROR;
				CLANG_WARN_DOCUMENTATION_COMMENTS = YES;
				CLANG_WARN_EMPTY_BODY = YES;
				CLANG_WARN_ENUM_CONVERSION = YES;
				CLANG_WARN_INFINITE_RECURSION = YES;
				CLANG_WARN_INT_CONVERSION = YES;
				CLANG_WARN_NON_LITERAL_NULL_CONVERSION = YES;
				CLANG_WARN_OBJC_IMPLICIT_RETAIN_SELF = YES;
				CLANG_WARN_OBJC_LITERAL_CONVERSION = YES;
				CLANG_WARN_OBJC_ROOT_CLASS = YES_ERROR;
				CLANG_WARN_RANGE_LOOP_ANALYSIS = YES;
				CLANG_WARN_STRICT_PROTOTYPES = YES;
				CLANG_WARN_SUSPICIOUS_MOVE = YES;
				CLANG_WARN_UNGUARDED_AVAILABILITY = YES_AGGRESSIVE;
				CLANG_WARN_UNREACHABLE_CODE = YES;
				CLANG_WARN__DUPLICATE_METHOD_MATCH = YES;
				CODE_SIGN_IDENTITY = "iPhone Developer";
				COPY_PHASE_STRIP = NO;
				DEBUG_INFORMATION_FORMAT = dwarf;
				ENABLE_STRICT_OBJC_MSGSEND = YES;
				ENABLE_TESTABILITY = YES;
				GCC_C_LANGUAGE_STANDARD = gnu11;
				GCC_DYNAMIC_NO_PIC = NO;
				GCC_NO_COMMON_BLOCKS = YES;
				GCC_OPTIMIZATION_LEVEL = 0;
				GCC_PREPROCESSOR_DEFINITIONS = (
					"DEBUG=1",
					"$(inherited)",
				);
				GCC_WARN_64_TO_32_BIT_CONVERSION = YES;
				GCC_WARN_ABOUT_RETURN_TYPE = YES_ERROR;
				GCC_WARN_UNDECLARED_SELECTOR = YES;
				GCC_WARN_UNINITIALIZED_AUTOS = YES_AGGRESSIVE;
				GCC_WARN_UNUSED_FUNCTION = YES;
				GCC_WARN_UNUSED_VARIABLE = YES;
				IPHONEOS_DEPLOYMENT_TARGET = 11.3;
				MTL_ENABLE_DEBUG_INFO = YES;
				ONLY_ACTIVE_ARCH = YES;
				SDKROOT = iphoneos;
				SWIFT_ACTIVE_COMPILATION_CONDITIONS = DEBUG;
				SWIFT_OPTIMIZATION_LEVEL = "-Onone";
			};
			name = Debug;
		};
		97568E05209309E800DF7B47 /* Release */ = {
			isa = XCBuildConfiguration;
			buildSettings = {
				ALWAYS_SEARCH_USER_PATHS = NO;
				CLANG_ANALYZER_NONNULL = YES;
				CLANG_ANALYZER_NUMBER_OBJECT_CONVERSION = YES_AGGRESSIVE;
				CLANG_CXX_LANGUAGE_STANDARD = "gnu++14";
				CLANG_CXX_LIBRARY = "libc++";
				CLANG_ENABLE_MODULES = YES;
				CLANG_ENABLE_OBJC_ARC = YES;
				CLANG_ENABLE_OBJC_WEAK = YES;
				CLANG_WARN_BLOCK_CAPTURE_AUTORELEASING = YES;
				CLANG_WARN_BOOL_CONVERSION = YES;
				CLANG_WARN_COMMA = YES;
				CLANG_WARN_CONSTANT_CONVERSION = YES;
				CLANG_WARN_DEPRECATED_OBJC_IMPLEMENTATIONS = YES;
				CLANG_WARN_DIRECT_OBJC_ISA_USAGE = YES_ERROR;
				CLANG_WARN_DOCUMENTATION_COMMENTS = YES;
				CLANG_WARN_EMPTY_BODY = YES;
				CLANG_WARN_ENUM_CONVERSION = YES;
				CLANG_WARN_INFINITE_RECURSION = YES;
				CLANG_WARN_INT_CONVERSION = YES;
				CLANG_WARN_NON_LITERAL_NULL_CONVERSION = YES;
				CLANG_WARN_OBJC_IMPLICIT_RETAIN_SELF = YES;
				CLANG_WARN_OBJC_LITERAL_CONVERSION = YES;
				CLANG_WARN_OBJC_ROOT_CLASS = YES_ERROR;
				CLANG_WARN_RANGE_LOOP_ANALYSIS = YES;
				CLANG_WARN_STRICT_PROTOTYPES = YES;
				CLANG_WARN_SUSPICIOUS_MOVE = YES;
				CLANG_WARN_UNGUARDED_AVAILABILITY = YES_AGGRESSIVE;
				CLANG_WARN_UNREACHABLE_CODE = YES;
				CLANG_WARN__DUPLICATE_METHOD_MATCH = YES;
				CODE_SIGN_IDENTITY = "iPhone Developer";
				COPY_PHASE_STRIP = NO;
				DEBUG_INFORMATION_FORMAT = "dwarf-with-dsym";
				ENABLE_NS_ASSERTIONS = NO;
				ENABLE_STRICT_OBJC_MSGSEND = YES;
				GCC_C_LANGUAGE_STANDARD = gnu11;
				GCC_NO_COMMON_BLOCKS = YES;
				GCC_WARN_64_TO_32_BIT_CONVERSION = YES;
				GCC_WARN_ABOUT_RETURN_TYPE = YES_ERROR;
				GCC_WARN_UNDECLARED_SELECTOR = YES;
				GCC_WARN_UNINITIALIZED_AUTOS = YES_AGGRESSIVE;
				GCC_WARN_UNUSED_FUNCTION = YES;
				GCC_WARN_UNUSED_VARIABLE = YES;
				IPHONEOS_DEPLOYMENT_TARGET = 11.3;
				MTL_ENABLE_DEBUG_INFO = NO;
				SDKROOT = iphoneos;
				SWIFT_COMPILATION_MODE = wholemodule;
				SWIFT_OPTIMIZATION_LEVEL = "-O";
				VALIDATE_PRODUCT = YES;
			};
			name = Release;
		};
		97568E07209309E800DF7B47 /* Debug */ = {
			isa = XCBuildConfiguration;
			buildSettings = {
				ASSETCATALOG_COMPILER_APPICON_NAME = AppIcon;
				CODE_SIGN_STYLE = Automatic;
				INFOPLIST_FILE = "Mapotempo-Fleet/Info.plist";
				LD_RUNPATH_SEARCH_PATHS = (
					"$(inherited)",
					"@executable_path/Frameworks",
				);
				PRODUCT_BUNDLE_IDENTIFIER = "JuH.Mapotempo-Fleet";
				PRODUCT_NAME = "$(TARGET_NAME)";
				SWIFT_VERSION = 4.0;
				TARGETED_DEVICE_FAMILY = "1,2";
			};
			name = Debug;
		};
		97568E08209309E800DF7B47 /* Release */ = {
			isa = XCBuildConfiguration;
			buildSettings = {
				ASSETCATALOG_COMPILER_APPICON_NAME = AppIcon;
				CODE_SIGN_STYLE = Automatic;
				INFOPLIST_FILE = "Mapotempo-Fleet/Info.plist";
				LD_RUNPATH_SEARCH_PATHS = (
					"$(inherited)",
					"@executable_path/Frameworks",
				);
				PRODUCT_BUNDLE_IDENTIFIER = "JuH.Mapotempo-Fleet";
				PRODUCT_NAME = "$(TARGET_NAME)";
				SWIFT_VERSION = 4.0;
				TARGETED_DEVICE_FAMILY = "1,2";
			};
			name = Release;
		};
		97568E0A209309E800DF7B47 /* Debug */ = {
			isa = XCBuildConfiguration;
			buildSettings = {
				ALWAYS_EMBED_SWIFT_STANDARD_LIBRARIES = YES;
				BUNDLE_LOADER = "$(TEST_HOST)";
				CODE_SIGN_STYLE = Automatic;
				INFOPLIST_FILE = "Mapotempo-FleetTests/Info.plist";
				LD_RUNPATH_SEARCH_PATHS = (
					"$(inherited)",
					"@executable_path/Frameworks",
					"@loader_path/Frameworks",
				);
				PRODUCT_BUNDLE_IDENTIFIER = "JuH.Mapotempo-FleetTests";
				PRODUCT_NAME = "$(TARGET_NAME)";
				SWIFT_VERSION = 4.0;
				TARGETED_DEVICE_FAMILY = "1,2";
				TEST_HOST = "$(BUILT_PRODUCTS_DIR)/Mapotempo-Fleet.app/Mapotempo-Fleet";
			};
			name = Debug;
		};
		97568E0B209309E800DF7B47 /* Release */ = {
			isa = XCBuildConfiguration;
			buildSettings = {
				ALWAYS_EMBED_SWIFT_STANDARD_LIBRARIES = YES;
				BUNDLE_LOADER = "$(TEST_HOST)";
				CODE_SIGN_STYLE = Automatic;
				INFOPLIST_FILE = "Mapotempo-FleetTests/Info.plist";
				LD_RUNPATH_SEARCH_PATHS = (
					"$(inherited)",
					"@executable_path/Frameworks",
					"@loader_path/Frameworks",
				);
				PRODUCT_BUNDLE_IDENTIFIER = "JuH.Mapotempo-FleetTests";
				PRODUCT_NAME = "$(TARGET_NAME)";
				SWIFT_VERSION = 4.0;
				TARGETED_DEVICE_FAMILY = "1,2";
				TEST_HOST = "$(BUILT_PRODUCTS_DIR)/Mapotempo-Fleet.app/Mapotempo-Fleet";
			};
			name = Release;
		};
/* End XCBuildConfiguration section */

/* Begin XCConfigurationList section */
		97568DE4209309E700DF7B47 /* Build configuration list for PBXProject "Mapotempo-Fleet" */ = {
			isa = XCConfigurationList;
			buildConfigurations = (
				97568E04209309E800DF7B47 /* Debug */,
				97568E05209309E800DF7B47 /* Release */,
			);
			defaultConfigurationIsVisible = 0;
			defaultConfigurationName = Release;
		};
		97568E06209309E800DF7B47 /* Build configuration list for PBXNativeTarget "Mapotempo-Fleet" */ = {
			isa = XCConfigurationList;
			buildConfigurations = (
				97568E07209309E800DF7B47 /* Debug */,
				97568E08209309E800DF7B47 /* Release */,
			);
			defaultConfigurationIsVisible = 0;
			defaultConfigurationName = Release;
		};
		97568E09209309E800DF7B47 /* Build configuration list for PBXNativeTarget "Mapotempo-FleetTests" */ = {
			isa = XCConfigurationList;
			buildConfigurations = (
				97568E0A209309E800DF7B47 /* Debug */,
				97568E0B209309E800DF7B47 /* Release */,
			);
			defaultConfigurationIsVisible = 0;
			defaultConfigurationName = Release;
		};
/* End XCConfigurationList section */
	};
	rootObject = 97568DE1209309E700DF7B47 /* Project object */;
}
